Microsoft Visual Studio Solution File, Format Version 12.00
# Visual Studio 14
VisualStudioVersion = 14.0.25420.1
MinimumVisualStudioVersion = 10.0.40219.1
Project("{FAE04EC0-301F-11D3-BF4B-00C04F79EFBC}") = "FBExtractor", "FBExtractor\FBExtractor.csproj", "{135D83F9-C443-4EBD-8092-F1E28B072099}"
EndProject
Project("{FAE04EC0-301F-11D3-BF4B-00C04F79EFBC}") = "Tests", "Tests\Tests.csproj", "{70B4E07D-010D-43D9-8B40-5C67E0931094}"
EndProject
Project("{FAE04EC0-301F-11D3-BF4B-00C04F79EFBC}") = "FBExtractor.GUI", "FBExtractor.GUI\FBExtractor.GUI.csproj", "{63AECB1C-0FFB-4876-A06F-F9ACAA22A65D}"
EndProject
Project("{9344BDBB-3E7F-41FC-A0DD-8665D75EE146}") = "Packages", "Packages.mdproj", "{90C8C884-53B9-4E98-A5D1-DA9D0949DE90}"
EndProject
Project("{FAE04EC0-301F-11D3-BF4B-00C04F79EFBC}") = "Facephone.Core", "Facephone.Core\Facephone.Core.csproj", "{0B4BA852-E40F-464F-82DC-AC3EF57299C2}"
EndProject
Project("{FAE04EC0-301F-11D3-BF4B-00C04F79EFBC}") = "Facephone.Web", "Facephone.Web\Facephone.Web.csproj", "{98460B6E-6855-4A9E-AECA-48AB9D8FFA37}"
EndProject
Project("{FAE04EC0-301F-11D3-BF4B-00C04F79EFBC}") = "Facephone.Processor", "Facephone.Processor\Facephone.Processor.csproj", "{57FEECBF-45F9-42CC-B585-30A520CAAA72}"
EndProject
Project("{FAE04EC0-301F-11D3-BF4B-00C04F79EFBC}") = "Facephone.Processor.Tests", "Facephone.Processor.Tests\Facephone.Processor.Tests.csproj", "{8EDF4429-251A-416D-BB68-93F227191BCF}"
EndProject
Project("{FAE04EC0-301F-11D3-BF4B-00C04F79EFBC}") = "Humanizer", "Humanizer\Humanizer.csproj", "{BB834A0E-8867-4EFA-AFA4-EC8C3F4BC44B}"
EndProject
Project("{FAE04EC0-301F-11D3-BF4B-00C04F79EFBC}") = "Facegroup", "Facegroup\Facegroup.csproj", "{CE2D8458-010A-43FA-849D-6F3502103ED2}"
EndProject
Project("{FAE04EC0-301F-11D3-BF4B-00C04F79EFBC}") = "Facegroup.Tests", "Facegroup.Tests\Facegroup.Tests.csproj", "{B12E71DB-EC8C-42EA-B19F-147DB9E5DAE1}"
EndProject
Global
	GlobalSection(SolutionConfigurationPlatforms) = preSolution
		Debug|Any CPU = Debug|Any CPU
		Debug|x86 = Debug|x86
		Release Facephone|Any CPU = Release Facephone|Any CPU
		Release Facephone|x86 = Release Facephone|x86
		Release|Any CPU = Release|Any CPU
		Release|x86 = Release|x86
	EndGlobalSection
	GlobalSection(ProjectConfigurationPlatforms) = postSolution
		{135D83F9-C443-4EBD-8092-F1E28B072099}.Debug|Any CPU.ActiveCfg = Debug|x86
		{135D83F9-C443-4EBD-8092-F1E28B072099}.Debug|x86.ActiveCfg = Debug|x86
		{135D83F9-C443-4EBD-8092-F1E28B072099}.Debug|x86.Build.0 = Debug|x86
		{135D83F9-C443-4EBD-8092-F1E28B072099}.Release Facephone|Any CPU.ActiveCfg = Release Facephone|x86
		{135D83F9-C443-4EBD-8092-F1E28B072099}.Release Facephone|x86.ActiveCfg = Release Facephone|x86
		{135D83F9-C443-4EBD-8092-F1E28B072099}.Release|Any CPU.ActiveCfg = Release|x86
		{135D83F9-C443-4EBD-8092-F1E28B072099}.Release|x86.ActiveCfg = Release|x86
		{135D83F9-C443-4EBD-8092-F1E28B072099}.Release|x86.Build.0 = Release|x86
		{70B4E07D-010D-43D9-8B40-5C67E0931094}.Debug|Any CPU.ActiveCfg = Debug|Any CPU
		{70B4E07D-010D-43D9-8B40-5C67E0931094}.Debug|Any CPU.Build.0 = Debug|Any CPU
		{70B4E07D-010D-43D9-8B40-5C67E0931094}.Debug|x86.ActiveCfg = Debug|Any CPU
		{70B4E07D-010D-43D9-8B40-5C67E0931094}.Debug|x86.Build.0 = Debug|Any CPU
		{70B4E07D-010D-43D9-8B40-5C67E0931094}.Release Facephone|Any CPU.ActiveCfg = Release Facephone|Any CPU
		{70B4E07D-010D-43D9-8B40-5C67E0931094}.Release Facephone|Any CPU.Build.0 = Release Facephone|Any CPU
		{70B4E07D-010D-43D9-8B40-5C67E0931094}.Release Facephone|x86.ActiveCfg = Release Facephone|Any CPU
		{70B4E07D-010D-43D9-8B40-5C67E0931094}.Release|Any CPU.ActiveCfg = Release|Any CPU
		{70B4E07D-010D-43D9-8B40-5C67E0931094}.Release|Any CPU.Build.0 = Release|Any CPU
		{70B4E07D-010D-43D9-8B40-5C67E0931094}.Release|x86.ActiveCfg = Release|Any CPU
		{70B4E07D-010D-43D9-8B40-5C67E0931094}.Release|x86.Build.0 = Release|Any CPU
		{63AECB1C-0FFB-4876-A06F-F9ACAA22A65D}.Debug|Any CPU.ActiveCfg = Debug|x86
		{63AECB1C-0FFB-4876-A06F-F9ACAA22A65D}.Debug|x86.ActiveCfg = Debug|x86
		{63AECB1C-0FFB-4876-A06F-F9ACAA22A65D}.Debug|x86.Build.0 = Debug|x86
		{63AECB1C-0FFB-4876-A06F-F9ACAA22A65D}.Release Facephone|Any CPU.ActiveCfg = Release Facephone|x86
		{63AECB1C-0FFB-4876-A06F-F9ACAA22A65D}.Release Facephone|x86.ActiveCfg = Release Facephone|x86
		{63AECB1C-0FFB-4876-A06F-F9ACAA22A65D}.Release|Any CPU.ActiveCfg = Release|x86
		{63AECB1C-0FFB-4876-A06F-F9ACAA22A65D}.Release|x86.ActiveCfg = Release|x86
		{63AECB1C-0FFB-4876-A06F-F9ACAA22A65D}.Release|x86.Build.0 = Release|x86
		{90C8C884-53B9-4E98-A5D1-DA9D0949DE90}.Debug|Any CPU.ActiveCfg = Debug|Any CPU
		{90C8C884-53B9-4E98-A5D1-DA9D0949DE90}.Debug|x86.ActiveCfg = Debug|Any CPU
		{90C8C884-53B9-4E98-A5D1-DA9D0949DE90}.Release Facephone|Any CPU.ActiveCfg = Release|Any CPU
		{90C8C884-53B9-4E98-A5D1-DA9D0949DE90}.Release Facephone|x86.ActiveCfg = Release|Any CPU
		{90C8C884-53B9-4E98-A5D1-DA9D0949DE90}.Release|Any CPU.ActiveCfg = Release|Any CPU
		{90C8C884-53B9-4E98-A5D1-DA9D0949DE90}.Release|x86.ActiveCfg = Release|Any CPU
		{0B4BA852-E40F-464F-82DC-AC3EF57299C2}.Debug|Any CPU.ActiveCfg = Debug|x86
		{0B4BA852-E40F-464F-82DC-AC3EF57299C2}.Debug|x86.ActiveCfg = Debug|x86
		{0B4BA852-E40F-464F-82DC-AC3EF57299C2}.Debug|x86.Build.0 = Debug|x86
		{0B4BA852-E40F-464F-82DC-AC3EF57299C2}.Release Facephone|Any CPU.ActiveCfg = Release Facephone|x86
		{0B4BA852-E40F-464F-82DC-AC3EF57299C2}.Release Facephone|x86.ActiveCfg = Release Facephone|x86
		{0B4BA852-E40F-464F-82DC-AC3EF57299C2}.Release Facephone|x86.Build.0 = Release Facephone|x86
		{0B4BA852-E40F-464F-82DC-AC3EF57299C2}.Release|Any CPU.ActiveCfg = Release|x86
		{0B4BA852-E40F-464F-82DC-AC3EF57299C2}.Release|x86.ActiveCfg = Release|x86
		{0B4BA852-E40F-464F-82DC-AC3EF57299C2}.Release|x86.Build.0 = Release|x86
		{98460B6E-6855-4A9E-AECA-48AB9D8FFA37}.Debug|Any CPU.ActiveCfg = Debug|x86
		{98460B6E-6855-4A9E-AECA-48AB9D8FFA37}.Debug|x86.ActiveCfg = Debug|x86
		{98460B6E-6855-4A9E-AECA-48AB9D8FFA37}.Debug|x86.Build.0 = Debug|x86
		{98460B6E-6855-4A9E-AECA-48AB9D8FFA37}.Release Facephone|Any CPU.ActiveCfg = Release Facephone|x86
		{98460B6E-6855-4A9E-AECA-48AB9D8FFA37}.Release Facephone|x86.ActiveCfg = Release Facephone|x86
		{98460B6E-6855-4A9E-AECA-48AB9D8FFA37}.Release Facephone|x86.Build.0 = Release Facephone|x86
		{98460B6E-6855-4A9E-AECA-48AB9D8FFA37}.Release|Any CPU.ActiveCfg = Release|x86
		{98460B6E-6855-4A9E-AECA-48AB9D8FFA37}.Release|x86.ActiveCfg = Release|x86
		{98460B6E-6855-4A9E-AECA-48AB9D8FFA37}.Release|x86.Build.0 = Release|x86
		{57FEECBF-45F9-42CC-B585-30A520CAAA72}.Debug|Any CPU.ActiveCfg = Debug|x86
		{57FEECBF-45F9-42CC-B585-30A520CAAA72}.Debug|x86.ActiveCfg = Debug|x86
		{57FEECBF-45F9-42CC-B585-30A520CAAA72}.Debug|x86.Build.0 = Debug|x86
		{57FEECBF-45F9-42CC-B585-30A520CAAA72}.Release Facephone|Any CPU.ActiveCfg = Release Facephone|x86
		{57FEECBF-45F9-42CC-B585-30A520CAAA72}.Release Facephone|x86.ActiveCfg = Release Facephone|x86
		{57FEECBF-45F9-42CC-B585-30A520CAAA72}.Release Facephone|x86.Build.0 = Release Facephone|x86
		{57FEECBF-45F9-42CC-B585-30A520CAAA72}.Release|Any CPU.ActiveCfg = Release|x86
		{57FEECBF-45F9-42CC-B585-30A520CAAA72}.Release|x86.ActiveCfg = Release|x86
		{57FEECBF-45F9-42CC-B585-30A520CAAA72}.Release|x86.Build.0 = Release|x86
		{8EDF4429-251A-416D-BB68-93F227191BCF}.Debug|Any CPU.ActiveCfg = Debug|Any CPU
		{8EDF4429-251A-416D-BB68-93F227191BCF}.Debug|Any CPU.Build.0 = Debug|Any CPU
		{8EDF4429-251A-416D-BB68-93F227191BCF}.Debug|x86.ActiveCfg = Debug|Any CPU
		{8EDF4429-251A-416D-BB68-93F227191BCF}.Debug|x86.Build.0 = Debug|Any CPU
		{8EDF4429-251A-416D-BB68-93F227191BCF}.Release Facephone|Any CPU.ActiveCfg = Release Facephone|Any CPU
		{8EDF4429-251A-416D-BB68-93F227191BCF}.Release Facephone|Any CPU.Build.0 = Release Facephone|Any CPU
		{8EDF4429-251A-416D-BB68-93F227191BCF}.Release Facephone|x86.ActiveCfg = Release Facephone|Any CPU
		{8EDF4429-251A-416D-BB68-93F227191BCF}.Release|Any CPU.ActiveCfg = Release|Any CPU
		{8EDF4429-251A-416D-BB68-93F227191BCF}.Release|Any CPU.Build.0 = Release|Any CPU
		{8EDF4429-251A-416D-BB68-93F227191BCF}.Release|x86.ActiveCfg = Release|Any CPU
		{8EDF4429-251A-416D-BB68-93F227191BCF}.Release|x86.Build.0 = Release|Any CPU
		{BB834A0E-8867-4EFA-AFA4-EC8C3F4BC44B}.Debug|Any CPU.ActiveCfg = Debug|Any CPU
		{BB834A0E-8867-4EFA-AFA4-EC8C3F4BC44B}.Debug|Any CPU.Build.0 = Debug|Any CPU
		{BB834A0E-8867-4EFA-AFA4-EC8C3F4BC44B}.Debug|x86.ActiveCfg = Debug|Any CPU
		{BB834A0E-8867-4EFA-AFA4-EC8C3F4BC44B}.Debug|x86.Build.0 = Debug|Any CPU
		{BB834A0E-8867-4EFA-AFA4-EC8C3F4BC44B}.Release Facephone|Any CPU.ActiveCfg = Release|Any CPU
		{BB834A0E-8867-4EFA-AFA4-EC8C3F4BC44B}.Release Facephone|Any CPU.Build.0 = Release|Any CPU
		{BB834A0E-8867-4EFA-AFA4-EC8C3F4BC44B}.Release Facephone|x86.ActiveCfg = Release|Any CPU
		{BB834A0E-8867-4EFA-AFA4-EC8C3F4BC44B}.Release Facephone|x86.Build.0 = Release|Any CPU
		{BB834A0E-8867-4EFA-AFA4-EC8C3F4BC44B}.Release|Any CPU.ActiveCfg = Release|Any CPU
		{BB834A0E-8867-4EFA-AFA4-EC8C3F4BC44B}.Release|Any CPU.Build.0 = Release|Any CPU
		{BB834A0E-8867-4EFA-AFA4-EC8C3F4BC44B}.Release|x86.ActiveCfg = Release|Any CPU
		{BB834A0E-8867-4EFA-AFA4-EC8C3F4BC44B}.Release|x86.Build.0 = Release|Any CPU
		{CE2D8458-010A-43FA-849D-6F3502103ED2}.Debug|Any CPU.ActiveCfg = Debug|Any CPU
		{CE2D8458-010A-43FA-849D-6F3502103ED2}.Debug|Any CPU.Build.0 = Debug|Any CPU
		{CE2D8458-010A-43FA-849D-6F3502103ED2}.Debug|x86.ActiveCfg = Debug|Any CPU
		{CE2D8458-010A-43FA-849D-6F3502103ED2}.Debug|x86.Build.0 = Debug|Any CPU
		{CE2D8458-010A-43FA-849D-6F3502103ED2}.Release Facephone|Any CPU.ActiveCfg = Release|Any CPU
		{CE2D8458-010A-43FA-849D-6F3502103ED2}.Release Facephone|Any CPU.Build.0 = Release|Any CPU
		{CE2D8458-010A-43FA-849D-6F3502103ED2}.Release Facephone|x86.ActiveCfg = Release|Any CPU
		{CE2D8458-010A-43FA-849D-6F3502103ED2}.Release Facephone|x86.Build.0 = Release|Any CPU
		{CE2D8458-010A-43FA-849D-6F3502103ED2}.Release|Any CPU.ActiveCfg = Release|Any CPU
		{CE2D8458-010A-43FA-849D-6F3502103ED2}.Release|Any CPU.Build.0 = Release|Any CPU
		{CE2D8458-010A-43FA-849D-6F3502103ED2}.Release|x86.ActiveCfg = Release|Any CPU
		{CE2D8458-010A-43FA-849D-6F3502103ED2}.Release|x86.Build.0 = Release|Any CPU
		{B12E71DB-EC8C-42EA-B19F-147DB9E5DAE1}.Debug|Any CPU.ActiveCfg = Debug|Any CPU
		{B12E71DB-EC8C-42EA-B19F-147DB9E5DAE1}.Debug|Any CPU.Build.0 = Debug|Any CPU
		{B12E71DB-EC8C-42EA-B19F-147DB9E5DAE1}.Debug|x86.ActiveCfg = Debug|Any CPU
		{B12E71DB-EC8C-42EA-B19F-147DB9E5DAE1}.Debug|x86.Build.0 = Debug|Any CPU
		{B12E71DB-EC8C-42EA-B19F-147DB9E5DAE1}.Release Facephone|Any CPU.ActiveCfg = Release|Any CPU
		{B12E71DB-EC8C-42EA-B19F-147DB9E5DAE1}.Release Facephone|Any CPU.Build.0 = Release|Any CPU
		{B12E71DB-EC8C-42EA-B19F-147DB9E5DAE1}.Release Facephone|x86.ActiveCfg = Release|Any CPU
		{B12E71DB-EC8C-42EA-B19F-147DB9E5DAE1}.Release Facephone|x86.Build.0 = Release|Any CPU
		{B12E71DB-EC8C-42EA-B19F-147DB9E5DAE1}.Release|Any CPU.ActiveCfg = Release|Any CPU
		{B12E71DB-EC8C-42EA-B19F-147DB9E5DAE1}.Release|Any CPU.Build.0 = Release|Any CPU
		{B12E71DB-EC8C-42EA-B19F-147DB9E5DAE1}.Release|x86.ActiveCfg = Release|Any CPU
		{B12E71DB-EC8C-42EA-B19F-147DB9E5DAE1}.Release|x86.Build.0 = Release|Any CPU
	EndGlobalSection
	GlobalSection(SolutionProperties) = preSolution
		HideSolutionNode = FALSE
	EndGlobalSection
EndGlobal
